
Microsoft Visual Studio Solution File, Format Version 12.00
# Visual Studio 15
VisualStudioVersion = 15.0.28307.421
MinimumVisualStudioVersion = 10.0.40219.1
Project("{9A19103F-16F7-4668-BE54-9A1E7A4F7556}") = "ConsoleApp1", "ConsoleApp1.csproj", "{4CC45F8B-A6CA-4B52-B4A8-B395C26ED559}"
EndProject
Global
	GlobalSection(SolutionConfigurationPlatforms) = preSolution
		Debug|Any CPU = Debug|Any CPU
		Release|Any CPU = Release|Any CPU
	EndGlobalSection
	GlobalSection(ProjectConfigurationPlatforms) = postSolution
		{4CC45F8B-A6CA-4B52-B4A8-B395C26ED559}.Debug|Any CPU.ActiveCfg = Debug|Any CPU
		{4CC45F8B-A6CA-4B52-B4A8-B395C26ED559}.Debug|Any CPU.Build.0 = Debug|Any CPU
		{4CC45F8B-A6CA-4B52-B4A8-B395C26ED559}.Release|Any CPU.ActiveCfg = Release|Any CPU
		{4CC45F8B-A6CA-4B52-B4A8-B395C26ED559}.Release|Any CPU.Build.0 = Release|Any CPU
	EndGlobalSection
	GlobalSection(SolutionProperties) = preSolution
		HideSolutionNode = FALSE
	EndGlobalSection
	GlobalSection(ExtensibilityGlobals) = postSolution
		SolutionGuid = {04DEB686-1981-495F-90CC-A25C5B2F5F64}
	EndGlobalSection
EndGlobal
